{
    "requires": true,
    "lockfileVersion": 1,
    "dependencies": {
        "sweetalert2": {
            "version": "8.2.6",
            "resolved": "https://registry.npmjs.org/sweetalert2/-/sweetalert2-8.2.6.tgz",
            "integrity": "sha512-F14KlRBBJr7Hl+WWCYnBZR8heUNTBQY9nfhNWlrocnj5equ7lkWZC8BfxHXX699D8tb/LrHaEWtpIhWVMgoacA=="
        }
    }
}
